<?xml version="1.0" encoding="utf-8"?>
<Project ToolsVersion="4.0" xmlns="http://schemas.microsoft.com/developer/msbuild/2003">
  <ItemGroup>
    <Filter Include="Engine">
      <UniqueIdentifier>{DBC7D3B0-C769-FE86-B024-12DB9C6585D7}</UniqueIdentifier>
    </Filter>
    <Filter Include="Managers">
      <UniqueIdentifier>{B34CFEBD-9F19-59C9-C832-4771B45E8E57}</UniqueIdentifier>
    </Filter>
    <Filter Include="Objects">
      <UniqueIdentifier>{CF2649B1-3B06-C84C-441E-5323B07C2EAE}</UniqueIdentifier>
    </Filter>
    <Filter Include="Textures">
      <UniqueIdentifier>{A95C6780-9529-C28B-BE42-B033AA6EF719}</UniqueIdentifier>
    </Filter>
  </ItemGroup>
  <ItemGroup>
    <ClInclude Include="source\Engine\Engine.h">
      <Filter>Engine</Filter>
    </ClInclude>
    <ClInclude Include="source\Engine\EngineCore.h">
      <Filter>Engine</Filter>
    </ClInclude>
    <ClInclude Include="source\Engine\PreLoader.h">
      <Filter>Engine</Filter>
    </ClInclude>
    <ClInclude Include="source\Engine\Renderer.h">
      <Filter>Engine</Filter>
    </ClInclude>
    <ClInclude Include="source\Managers\GameManager.h">
      <Filter>Managers</Filter>
    </ClInclude>
    <ClInclude Include="source\Managers\ServiceLocator.h">
      <Filter>Managers</Filter>
    </ClInclude>
    <ClInclude Include="source\Objects\BuildingBlock.h">
      <Filter>Objects</Filter>
    </ClInclude>
    <ClInclude Include="source\Objects\Object.h">
      <Filter>Objects</Filter>
    </ClInclude>
    <ClInclude Include="source\Textures\SpriteSheet.h">
      <Filter>Textures</Filter>
    </ClInclude>
    <ClInclude Include="source\Textures\TextureItem.h">
      <Filter>Textures</Filter>
    </ClInclude>
  </ItemGroup>
  <ItemGroup>
    <ClCompile Include="source\Engine\Engine.cpp">
      <Filter>Engine</Filter>
    </ClCompile>
    <ClCompile Include="source\Engine\EngineCore.cpp">
      <Filter>Engine</Filter>
    </ClCompile>
    <ClCompile Include="source\Engine\PreLoader.cpp">
      <Filter>Engine</Filter>
    </ClCompile>
    <ClCompile Include="source\Engine\Renderer.cpp">
      <Filter>Engine</Filter>
    </ClCompile>
    <ClCompile Include="source\Engine\main.cpp">
      <Filter>Engine</Filter>
    </ClCompile>
    <ClCompile Include="source\Managers\GameManager.cpp">
      <Filter>Managers</Filter>
    </ClCompile>
    <ClCompile Include="source\Objects\BuildingBlock.cpp">
      <Filter>Objects</Filter>
    </ClCompile>
    <ClCompile Include="source\Objects\Object.cpp">
      <Filter>Objects</Filter>
    </ClCompile>
    <ClCompile Include="source\Textures\SpriteSheet.cpp">
      <Filter>Textures</Filter>
    </ClCompile>
    <ClCompile Include="source\Textures\TextureItem.cpp">
      <Filter>Textures</Filter>
    </ClCompile>
  </ItemGroup>
</Project>